
Microsoft Visual Studio Solution File, Format Version 12.00
# Visual Studio Version 17
VisualStudioVersion = 17.0.31903.59
MinimumVisualStudioVersion = 10.0.40219.1
Project("{2150E333-8FDC-42A3-9474-1A3956D46DE8}") = "src", "src", "{F0A377E9-455D-47DE-85DE-6252CF045A24}"
EndProject
Project("{FAE04EC0-301F-11D3-BF4B-00C04F79EFBC}") = "Contacts", "src\Contacts\Contacts.csproj", "{20672443-95FB-4C9F-B31B-5AD4EB0F04A9}"
EndProject
Global
	GlobalSection(SolutionConfigurationPlatforms) = preSolution
		Debug|Any CPU = Debug|Any CPU
		Release|Any CPU = Release|Any CPU
	EndGlobalSection
	GlobalSection(SolutionProperties) = preSolution
		HideSolutionNode = FALSE
	EndGlobalSection
	GlobalSection(ProjectConfigurationPlatforms) = postSolution
		{20672443-95FB-4C9F-B31B-5AD4EB0F04A9}.Debug|Any CPU.ActiveCfg = Debug|Any CPU
		{20672443-95FB-4C9F-B31B-5AD4EB0F04A9}.Debug|Any CPU.Build.0 = Debug|Any CPU
		{20672443-95FB-4C9F-B31B-5AD4EB0F04A9}.Release|Any CPU.ActiveCfg = Release|Any CPU
		{20672443-95FB-4C9F-B31B-5AD4EB0F04A9}.Release|Any CPU.Build.0 = Release|Any CPU
	EndGlobalSection
	GlobalSection(NestedProjects) = preSolution
		{20672443-95FB-4C9F-B31B-5AD4EB0F04A9} = {F0A377E9-455D-47DE-85DE-6252CF045A24}
	EndGlobalSection
EndGlobal
